<?xml version="1.0" encoding="utf-8"?>
<Project ToolsVersion="4.0" xmlns="http://schemas.microsoft.com/developer/msbuild/2003">
  <ItemGroup>
    <ClCompile Include="Fases\Caverna_Obscura.cpp" />
    <ClCompile Include="Fases\Floresta_Profunda.cpp" />
    <ClCompile Include="Personagens\Samurai.cpp" />
    <ClCompile Include="Ente.cpp" />
    <ClCompile Include="Entidade.cpp" />
    <ClCompile Include="Obstaculos\Espinho.cpp" />
    <ClCompile Include="Fases\Fase.cpp" />
    <ClCompile Include="Gerenciadores\Gerenciador_Colisoes.cpp" />
    <ClCompile Include="Gerenciadores\Gerenciado_Grafico.cpp" />
    <ClCompile Include="Personagens\Yokai.cpp" />
    <ClCompile Include="Personagens\Efeitos.cpp" />
    <ClCompile Include="Personagens\Inimigo.cpp" />
    <ClCompile Include="Jogo.cpp" />
    <ClCompile Include="Listas\ListaEntidades.cpp" />
    <ClCompile Include="main.cpp" />
    <ClCompile Include="Obstaculos\Obstaculo.cpp" />
    <ClCompile Include="Personagens\Personagem.cpp" />
    <ClCompile Include="Obstaculos\Plataforma.cpp" />
    <ClCompile Include="Projetil.cpp" />
    <ClCompile Include="Personagens\Lobo.cpp" />
    <ClCompile Include="Personagens\Heroi.cpp" />
    <ClCompile Include="Obstaculos\Rio.cpp" />
    <ClCompile Include="Menu.cpp" />
    <ClCompile Include="Texto.cpp" />
  </ItemGroup>
  <ItemGroup>
    <ClInclude Include="Fases\Caverna_Obscura.h" />
    <ClInclude Include="Fases\Floresta_Profunda.h" />
    <ClInclude Include="Personagens\Samurai.h" />
    <ClInclude Include="Ente.h" />
    <ClInclude Include="Entidade.h" />
    <ClInclude Include="Obstaculos\Espinho.h" />
    <ClInclude Include="Fases\Fase.h" />
    <ClInclude Include="Gerenciadores\Gerenciador_Colisoes.h" />
    <ClInclude Include="Gerenciadores\Gerenciado_Grafico.h" />
    <ClInclude Include="Personagens\Yokai.h" />
    <ClInclude Include="Personagens\Efeitos.h" />
    <ClInclude Include="Personagens\Inimigo.h" />
    <ClInclude Include="Jogo.h" />
    <ClInclude Include="Listas\Lista.h" />
    <ClInclude Include="Listas\ListaEntidades.h" />
    <ClInclude Include="Obstaculos\Obstaculo.h" />
    <ClInclude Include="Personagens\Personagem.h" />
    <ClInclude Include="Obstaculos\Plataforma.h" />
    <ClInclude Include="Projetil.h" />
    <ClInclude Include="Personagens\Lobo.h" />
    <ClInclude Include="Personagens\Heroi.h" />
    <ClInclude Include="Obstaculos\Rio.h" />
    <ClInclude Include="Menu.h" />
    <ClInclude Include="Texto.h" />
  </ItemGroup>
  <ItemGroup>
    <Image Include="assets\plataforma.png" />
    <Image Include="assets\plataformateste.png" />
    <Image Include="assets\pngegg.png" />
    <Image Include="assets\ratinho.png" />
    <Image Include="assets\slimemau.png" />
    <Image Include="assets\Walking_KG_1 - Copia.png" />
    <Image Include="assets\Walking_KG_1.png" />
    <Image Include="assets\arvore_tronco.png" />
    <Image Include="assets\caverna1.jpg" />
    <Image Include="assets\chao.png" />
    <Image Include="assets\dark_castle_tileset.png" />
    <Image Include="assets\espinho.png" />
    <Image Include="assets\espinho1.png" />
    <Image Include="assets\espinho2.png" />
    <Image Include="assets\floresta.png" />
    <Image Include="assets\folhas.png" />
    <Image Include="assets\folhas_3x.png" />
    <Image Include="assets\folhas_4x.png" />
    <Image Include="assets\Menu.png" />
    <Image Include="assets\parede1.png" />
    <Image Include="assets\parede2.png" />
    <Image Include="assets\parede3.png" />
    <Image Include="assets\parede4.png" />
    <Image Include="assets\parede11.png" />
    <Image Include="assets\parede21.png" />
    <Image Include="assets\parede41.png" />
    <Image Include="assets\parede51.png" />
    <Image Include="assets\parede61.png" />
    <Image Include="assets\Pause.png" />
    <Image Include="assets\pedra.png" />
    <Image Include="assets\pedra_tiles.png" />
    <Image Include="assets\pedra1.png" />
    <Image Include="assets\pedra2.png" />
    <Image Include="assets\pedra3.png" />
    <Image Include="assets\pedra11.png" />
    <Image Include="assets\pedra21.png" />
    <Image Include="assets\pedra31.png" />
    <Image Include="assets\Picsart_25-02-08_21-53-01-693.png" />
    <Image Include="assets\planta.png" />
    <Image Include="assets\plataforma_chao.png" />
    <Image Include="assets\pointer.png" />
    <Image Include="assets\Tiles.png" />
    <Image Include="assets\tileset.png" />
    <Image Include="assets\tronco.png" />
    <Image Include="assets\tronco2.png" />
    <Image Include="assets\YokaiSlayer.png" />
  </ItemGroup>
  <ItemGroup>
    <Font Include="assets\ARIAL.TTF" />
  </ItemGroup>
</Project>