<?xml version="1.0" encoding="utf-8"?>
<Project ToolsVersion="4.0" xmlns="http://schemas.microsoft.com/developer/msbuild/2003">
  <ItemGroup>
    <ClCompile Include="Fases\Fase2.cpp" />
    <ClCompile Include="Fases\Fase1.cpp" />
    <ClCompile Include="Personagens\Cachorro.cpp" />
    <ClCompile Include="Ente.cpp" />
    <ClCompile Include="Entidade.cpp" />
    <ClCompile Include="Obstaculos\Espinho.cpp" />
    <ClCompile Include="Fases\Fase.cpp" />
    <ClCompile Include="Gerenciadores\Gerenciador_Colisoes.cpp" />
    <ClCompile Include="Gerenciadores\Gerenciado_Grafico.cpp" />
    <ClCompile Include="Personagens\Chefao.cpp" />
    <ClCompile Include="Personagens\Efeitos.cpp" />
    <ClCompile Include="Personagens\Inimigo.cpp" />
    <ClCompile Include="Jogo.cpp" />
    <ClCompile Include="Listas\ListaEntidades.cpp" />
    <ClCompile Include="main.cpp" />
    <ClCompile Include="Obstaculos\Obstaculo.cpp" />
    <ClCompile Include="Personagens\Personagem.cpp" />
    <ClCompile Include="Obstaculos\Plataforma.cpp" />
    <ClCompile Include="Projetil.cpp" />
    <ClCompile Include="Personagens\Rato.cpp" />
    <ClCompile Include="Personagens\Slime.cpp" />
    <ClCompile Include="Obstaculos\SlimeMau.cpp" />
    <ClCompile Include="Menu.cpp" />
    <ClCompile Include="Texto.cpp" />
  </ItemGroup>
  <ItemGroup>
    <ClInclude Include="Fases\Fase2.h" />
    <ClInclude Include="Fases\Fase1.h" />
    <ClInclude Include="Personagens\Cachorro.h" />
    <ClInclude Include="Ente.h" />
    <ClInclude Include="Entidade.h" />
    <ClInclude Include="Obstaculos\Espinho.h" />
    <ClInclude Include="Fases\Fase.h" />
    <ClInclude Include="Gerenciadores\Gerenciador_Colisoes.h" />
    <ClInclude Include="Gerenciadores\Gerenciado_Grafico.h" />
    <ClInclude Include="Personagens\Chefao.h" />
    <ClInclude Include="Personagens\Efeitos.h" />
    <ClInclude Include="Personagens\Inimigo.h" />
    <ClInclude Include="Jogo.h" />
    <ClInclude Include="Listas\Lista.h" />
    <ClInclude Include="Listas\ListaEntidades.h" />
    <ClInclude Include="Obstaculos\Obstaculo.h" />
    <ClInclude Include="Personagens\Personagem.h" />
    <ClInclude Include="Obstaculos\Plataforma.h" />
    <ClInclude Include="Projetil.h" />
    <ClInclude Include="Personagens\Rato.h" />
    <ClInclude Include="Personagens\Slime.h" />
    <ClInclude Include="Obstaculos\SlimeMau.h" />
    <ClInclude Include="Menu.h" />
    <ClInclude Include="Texto.h" />
  </ItemGroup>
  <ItemGroup>
    <Image Include="assets\plataforma.png" />
    <Image Include="assets\plataformateste.png" />
    <Image Include="assets\pngegg.png" />
    <Image Include="assets\ratinho.png" />
    <Image Include="assets\slimemau.png" />
    <Image Include="assets\Walking_KG_1 - Copia.png" />
    <Image Include="assets\Walking_KG_1.png" />
  </ItemGroup>
  <ItemGroup>
    <Font Include="assets\ARIAL.TTF" />
  </ItemGroup>
</Project>